
Microsoft Visual Studio Solution File, Format Version 12.00
# Visual Studio Version 17
VisualStudioVersion = 17.0.31903.59
MinimumVisualStudioVersion = 10.0.40219.1
Project("{2150E333-8FDC-42A3-9474-1A3956D46DE8}") = "Solution Items", "Solution Items", "{F1A2B3C4-D5E6-47A8-B9C0-D1E2F3A4B5C6}"
	ProjectSection(SolutionItems) = preProject
		.gitignore = .gitignore
		Directory.Build.props = Directory.Build.props
		Directory.Packages.props = Directory.Packages.props
		NuGet.Config = NuGet.Config
	EndProjectSection
EndProject
Project("{2150E333-8FDC-42A3-9474-1A3956D46DE8}") = ".github", ".github", "{D5E6F7A8-B9C0-49D5-E6F7-A8B9C0D1E2F3}"
EndProject
Project("{2150E333-8FDC-42A3-9474-1A3956D46DE8}") = "workflows", "workflows", "{E5C8F1A2-B3D4-49E5-F6A7-B8C9D0E1F2A3}"
	ProjectSection(SolutionItems) = preProject
		.github\workflows\publish-all-shared-packages.yml = .github\workflows\publish-all-shared-packages.yml
	EndProjectSection
EndProject
Project("{2150E333-8FDC-42A3-9474-1A3956D46DE8}") = "src", "src", "{11111111-2222-3333-4444-555555555555}"
EndProject
Project("{2150E333-8FDC-42A3-9474-1A3956D46DE8}") = "tests", "tests", "{33333333-4444-5555-6666-777777777777}"
EndProject
Project("{FAE04EC0-301F-11D3-BF4B-00C04F79EFBC}") = "Shared.Abstractions", "src\Shared.Abstractions\Shared.Abstractions.csproj", "{C5D6E7F8-A9B0-41C2-B3D4-E5F6A7B8C9D0}"
EndProject
Project("{FAE04EC0-301F-11D3-BF4B-00C04F79EFBC}") = "Shared.Infrastructure", "src\Shared.Infrastructure\Shared.Infrastructure.csproj", "{E7F8A9B0-C2D3-43E4-D5F6-A7B8C9D0E1F2}"
EndProject
Project("{2150E333-8FDC-42A3-9474-1A3956D46DE8}") = "Modules", "Modules", "{22222222-3333-4444-5555-666666666666}"
EndProject
Project("{2150E333-8FDC-42A3-9474-1A3956D46DE8}") = "Tools", "Tools", "{55555555-6666-7777-8888-999999999999}"
EndProject
Project("{FAE04EC0-301F-11D3-BF4B-00C04F79EFBC}") = "Shared.EnvFileGenerator", "src\Tools\Shared.EnvFileGenerator\Shared.EnvFileGenerator.csproj", "{4FFE4373-C06D-4DDE-9C16-60C4C6728939}"
EndProject
Project("{2150E333-8FDC-42A3-9474-1A3956D46DE8}") = "Shared.Users", "Shared.Users", "{77777777-8888-9999-AAAA-BBBBBBBBBBBB}"
EndProject
Project("{FAE04EC0-301F-11D3-BF4B-00C04F79EFBC}") = "Shared.Users.Domain", "src\Modules\Shared.Users\Shared.Users.Domain\Shared.Users.Domain.csproj", "{E1F2A3B4-C5D6-47E8-F9A0-B1C2D3E4F5A6}"
EndProject
Project("{FAE04EC0-301F-11D3-BF4B-00C04F79EFBC}") = "Shared.Users.Application", "src\Modules\Shared.Users\Shared.Users.Application\Shared.Users.Application.csproj", "{B0C1D2E3-F4A5-48B9-C0D1-E2F3A4B5C6D7}"
EndProject
Project("{FAE04EC0-301F-11D3-BF4B-00C04F79EFBC}") = "Shared.Users.Infrastructure", "src\Modules\Shared.Users\Shared.Users.Infrastructure\Shared.Users.Infrastructure.csproj", "{C2D3E4F5-A6B7-49CA-D1E2-F3A4B5C6D7E8}"
EndProject
Project("{FAE04EC0-301F-11D3-BF4B-00C04F79EFBC}") = "Shared.Infrastructure.Tests", "src\Shared.Infrastructure.Tests\Shared.Infrastructure.Tests.csproj", "{D8E9F0A1-B2C3-44D5-E6F7-B8C9D0E1F2A3}"
EndProject
Project("{2150E333-8FDC-42A3-9474-1A3956D46DE8}") = "Modules", "Modules", "{44444444-5555-6666-7777-888888888888}"
EndProject
Project("{FAE04EC0-301F-11D3-BF4B-00C04F79EFBC}") = "Shared.Users.Tests.EndToEnd", "tests\Modules\Shared.Users.Tests.EndToEnd\Shared.Users.Tests.EndToEnd.csproj", "{A3B4C5D6-E7F8-49A0-F1A2-B3C4D5E6F7A8}"
EndProject
Project("{FAE04EC0-301F-11D3-BF4B-00C04F79EFBC}") = "Shared.Infrastructure.Generators", "src\Shared.Infrastructure.Generators\Shared.Infrastructure.Generators.csproj", "{EAC526B8-40CE-462C-BC1C-F0935BE60147}"
EndProject
Project("{2150E333-8FDC-42A3-9474-1A3956D46DE8}") = "Shared.Exceptions", "Shared.Exceptions", "{8B80BD64-41CC-0165-136F-59FFF5A35D0D}"
EndProject
Project("{FAE04EC0-301F-11D3-BF4B-00C04F79EFBC}") = "Shared.Exceptions.Application", "src\Modules\Shared.Exceptions\Shared.Exceptions.Application\Shared.Exceptions.Application.csproj", "{F121FC00-4650-4B39-96BD-4FFDDC6EE824}"
EndProject
Project("{FAE04EC0-301F-11D3-BF4B-00C04F79EFBC}") = "Shared.Exceptions.Infrastructure", "src\Modules\Shared.Exceptions\Shared.Exceptions.Infrastructure\Shared.Exceptions.Infrastructure.csproj", "{29811614-E490-41C1-814E-5E760A33F10C}"
EndProject
Project("{FAE04EC0-301F-11D3-BF4B-00C04F79EFBC}") = "Shared.Exceptions.Tests.EndToEnd", "tests\Modules\Shared.Exceptions.Tests.EndToEnd\Shared.Exceptions.Tests.EndToEnd.csproj", "{8180E657-B657-46E4-9899-F4CF2D98E177}"
EndProject
Global
	GlobalSection(SolutionConfigurationPlatforms) = preSolution
		Debug|Any CPU = Debug|Any CPU
		Debug|x64 = Debug|x64
		Debug|x86 = Debug|x86
		Release|Any CPU = Release|Any CPU
		Release|x64 = Release|x64
		Release|x86 = Release|x86
	EndGlobalSection
	GlobalSection(ProjectConfigurationPlatforms) = postSolution
		{C5D6E7F8-A9B0-41C2-B3D4-E5F6A7B8C9D0}.Debug|Any CPU.ActiveCfg = Debug|Any CPU
		{C5D6E7F8-A9B0-41C2-B3D4-E5F6A7B8C9D0}.Debug|Any CPU.Build.0 = Debug|Any CPU
		{C5D6E7F8-A9B0-41C2-B3D4-E5F6A7B8C9D0}.Debug|x64.ActiveCfg = Debug|Any CPU
		{C5D6E7F8-A9B0-41C2-B3D4-E5F6A7B8C9D0}.Debug|x64.Build.0 = Debug|Any CPU
		{C5D6E7F8-A9B0-41C2-B3D4-E5F6A7B8C9D0}.Debug|x86.ActiveCfg = Debug|Any CPU
		{C5D6E7F8-A9B0-41C2-B3D4-E5F6A7B8C9D0}.Debug|x86.Build.0 = Debug|Any CPU
		{C5D6E7F8-A9B0-41C2-B3D4-E5F6A7B8C9D0}.Release|Any CPU.ActiveCfg = Release|Any CPU
		{C5D6E7F8-A9B0-41C2-B3D4-E5F6A7B8C9D0}.Release|Any CPU.Build.0 = Release|Any CPU
		{C5D6E7F8-A9B0-41C2-B3D4-E5F6A7B8C9D0}.Release|x64.ActiveCfg = Release|Any CPU
		{C5D6E7F8-A9B0-41C2-B3D4-E5F6A7B8C9D0}.Release|x64.Build.0 = Release|Any CPU
		{C5D6E7F8-A9B0-41C2-B3D4-E5F6A7B8C9D0}.Release|x86.ActiveCfg = Release|Any CPU
		{C5D6E7F8-A9B0-41C2-B3D4-E5F6A7B8C9D0}.Release|x86.Build.0 = Release|Any CPU
		{E7F8A9B0-C2D3-43E4-D5F6-A7B8C9D0E1F2}.Debug|Any CPU.ActiveCfg = Debug|Any CPU
		{E7F8A9B0-C2D3-43E4-D5F6-A7B8C9D0E1F2}.Debug|Any CPU.Build.0 = Debug|Any CPU
		{E7F8A9B0-C2D3-43E4-D5F6-A7B8C9D0E1F2}.Debug|x64.ActiveCfg = Debug|Any CPU
		{E7F8A9B0-C2D3-43E4-D5F6-A7B8C9D0E1F2}.Debug|x64.Build.0 = Debug|Any CPU
		{E7F8A9B0-C2D3-43E4-D5F6-A7B8C9D0E1F2}.Debug|x86.ActiveCfg = Debug|Any CPU
		{E7F8A9B0-C2D3-43E4-D5F6-A7B8C9D0E1F2}.Debug|x86.Build.0 = Debug|Any CPU
		{E7F8A9B0-C2D3-43E4-D5F6-A7B8C9D0E1F2}.Release|Any CPU.ActiveCfg = Release|Any CPU
		{E7F8A9B0-C2D3-43E4-D5F6-A7B8C9D0E1F2}.Release|Any CPU.Build.0 = Release|Any CPU
		{E7F8A9B0-C2D3-43E4-D5F6-A7B8C9D0E1F2}.Release|x64.ActiveCfg = Release|Any CPU
		{E7F8A9B0-C2D3-43E4-D5F6-A7B8C9D0E1F2}.Release|x64.Build.0 = Release|Any CPU
		{E7F8A9B0-C2D3-43E4-D5F6-A7B8C9D0E1F2}.Release|x86.ActiveCfg = Release|Any CPU
		{E7F8A9B0-C2D3-43E4-D5F6-A7B8C9D0E1F2}.Release|x86.Build.0 = Release|Any CPU
		{4FFE4373-C06D-4DDE-9C16-60C4C6728939}.Debug|Any CPU.ActiveCfg = Debug|Any CPU
		{4FFE4373-C06D-4DDE-9C16-60C4C6728939}.Debug|Any CPU.Build.0 = Debug|Any CPU
		{4FFE4373-C06D-4DDE-9C16-60C4C6728939}.Debug|x64.ActiveCfg = Debug|Any CPU
		{4FFE4373-C06D-4DDE-9C16-60C4C6728939}.Debug|x64.Build.0 = Debug|Any CPU
		{4FFE4373-C06D-4DDE-9C16-60C4C6728939}.Debug|x86.ActiveCfg = Debug|Any CPU
		{4FFE4373-C06D-4DDE-9C16-60C4C6728939}.Debug|x86.Build.0 = Debug|Any CPU
		{4FFE4373-C06D-4DDE-9C16-60C4C6728939}.Release|Any CPU.ActiveCfg = Release|Any CPU
		{4FFE4373-C06D-4DDE-9C16-60C4C6728939}.Release|Any CPU.Build.0 = Release|Any CPU
		{4FFE4373-C06D-4DDE-9C16-60C4C6728939}.Release|x64.ActiveCfg = Release|Any CPU
		{4FFE4373-C06D-4DDE-9C16-60C4C6728939}.Release|x64.Build.0 = Release|Any CPU
		{4FFE4373-C06D-4DDE-9C16-60C4C6728939}.Release|x86.ActiveCfg = Release|Any CPU
		{4FFE4373-C06D-4DDE-9C16-60C4C6728939}.Release|x86.Build.0 = Release|Any CPU
		{E1F2A3B4-C5D6-47E8-F9A0-B1C2D3E4F5A6}.Debug|Any CPU.ActiveCfg = Debug|Any CPU
		{E1F2A3B4-C5D6-47E8-F9A0-B1C2D3E4F5A6}.Debug|Any CPU.Build.0 = Debug|Any CPU
		{E1F2A3B4-C5D6-47E8-F9A0-B1C2D3E4F5A6}.Debug|x64.ActiveCfg = Debug|Any CPU
		{E1F2A3B4-C5D6-47E8-F9A0-B1C2D3E4F5A6}.Debug|x64.Build.0 = Debug|Any CPU
		{E1F2A3B4-C5D6-47E8-F9A0-B1C2D3E4F5A6}.Debug|x86.ActiveCfg = Debug|Any CPU
		{E1F2A3B4-C5D6-47E8-F9A0-B1C2D3E4F5A6}.Debug|x86.Build.0 = Debug|Any CPU
		{E1F2A3B4-C5D6-47E8-F9A0-B1C2D3E4F5A6}.Release|Any CPU.ActiveCfg = Release|Any CPU
		{E1F2A3B4-C5D6-47E8-F9A0-B1C2D3E4F5A6}.Release|Any CPU.Build.0 = Release|Any CPU
		{E1F2A3B4-C5D6-47E8-F9A0-B1C2D3E4F5A6}.Release|x64.ActiveCfg = Release|Any CPU
		{E1F2A3B4-C5D6-47E8-F9A0-B1C2D3E4F5A6}.Release|x64.Build.0 = Release|Any CPU
		{E1F2A3B4-C5D6-47E8-F9A0-B1C2D3E4F5A6}.Release|x86.ActiveCfg = Release|Any CPU
		{E1F2A3B4-C5D6-47E8-F9A0-B1C2D3E4F5A6}.Release|x86.Build.0 = Release|Any CPU
		{B0C1D2E3-F4A5-48B9-C0D1-E2F3A4B5C6D7}.Debug|Any CPU.ActiveCfg = Debug|Any CPU
		{B0C1D2E3-F4A5-48B9-C0D1-E2F3A4B5C6D7}.Debug|Any CPU.Build.0 = Debug|Any CPU
		{B0C1D2E3-F4A5-48B9-C0D1-E2F3A4B5C6D7}.Debug|x64.ActiveCfg = Debug|Any CPU
		{B0C1D2E3-F4A5-48B9-C0D1-E2F3A4B5C6D7}.Debug|x64.Build.0 = Debug|Any CPU
		{B0C1D2E3-F4A5-48B9-C0D1-E2F3A4B5C6D7}.Debug|x86.ActiveCfg = Debug|Any CPU
		{B0C1D2E3-F4A5-48B9-C0D1-E2F3A4B5C6D7}.Debug|x86.Build.0 = Debug|Any CPU
		{B0C1D2E3-F4A5-48B9-C0D1-E2F3A4B5C6D7}.Release|Any CPU.ActiveCfg = Release|Any CPU
		{B0C1D2E3-F4A5-48B9-C0D1-E2F3A4B5C6D7}.Release|Any CPU.Build.0 = Release|Any CPU
		{B0C1D2E3-F4A5-48B9-C0D1-E2F3A4B5C6D7}.Release|x64.ActiveCfg = Release|Any CPU
		{B0C1D2E3-F4A5-48B9-C0D1-E2F3A4B5C6D7}.Release|x64.Build.0 = Release|Any CPU
		{B0C1D2E3-F4A5-48B9-C0D1-E2F3A4B5C6D7}.Release|x86.ActiveCfg = Release|Any CPU
		{B0C1D2E3-F4A5-48B9-C0D1-E2F3A4B5C6D7}.Release|x86.Build.0 = Release|Any CPU
		{C2D3E4F5-A6B7-49CA-D1E2-F3A4B5C6D7E8}.Debug|Any CPU.ActiveCfg = Debug|Any CPU
		{C2D3E4F5-A6B7-49CA-D1E2-F3A4B5C6D7E8}.Debug|Any CPU.Build.0 = Debug|Any CPU
		{C2D3E4F5-A6B7-49CA-D1E2-F3A4B5C6D7E8}.Debug|x64.ActiveCfg = Debug|Any CPU
		{C2D3E4F5-A6B7-49CA-D1E2-F3A4B5C6D7E8}.Debug|x64.Build.0 = Debug|Any CPU
		{C2D3E4F5-A6B7-49CA-D1E2-F3A4B5C6D7E8}.Debug|x86.ActiveCfg = Debug|Any CPU
		{C2D3E4F5-A6B7-49CA-D1E2-F3A4B5C6D7E8}.Debug|x86.Build.0 = Debug|Any CPU
		{C2D3E4F5-A6B7-49CA-D1E2-F3A4B5C6D7E8}.Release|Any CPU.ActiveCfg = Release|Any CPU
		{C2D3E4F5-A6B7-49CA-D1E2-F3A4B5C6D7E8}.Release|Any CPU.Build.0 = Release|Any CPU
		{C2D3E4F5-A6B7-49CA-D1E2-F3A4B5C6D7E8}.Release|x64.ActiveCfg = Release|Any CPU
		{C2D3E4F5-A6B7-49CA-D1E2-F3A4B5C6D7E8}.Release|x64.Build.0 = Release|Any CPU
		{C2D3E4F5-A6B7-49CA-D1E2-F3A4B5C6D7E8}.Release|x86.ActiveCfg = Release|Any CPU
		{C2D3E4F5-A6B7-49CA-D1E2-F3A4B5C6D7E8}.Release|x86.Build.0 = Release|Any CPU
		{D8E9F0A1-B2C3-44D5-E6F7-B8C9D0E1F2A3}.Debug|Any CPU.ActiveCfg = Debug|Any CPU
		{D8E9F0A1-B2C3-44D5-E6F7-B8C9D0E1F2A3}.Debug|Any CPU.Build.0 = Debug|Any CPU
		{D8E9F0A1-B2C3-44D5-E6F7-B8C9D0E1F2A3}.Debug|x64.ActiveCfg = Debug|Any CPU
		{D8E9F0A1-B2C3-44D5-E6F7-B8C9D0E1F2A3}.Debug|x64.Build.0 = Debug|Any CPU
		{D8E9F0A1-B2C3-44D5-E6F7-B8C9D0E1F2A3}.Debug|x86.ActiveCfg = Debug|Any CPU
		{D8E9F0A1-B2C3-44D5-E6F7-B8C9D0E1F2A3}.Debug|x86.Build.0 = Debug|Any CPU
		{D8E9F0A1-B2C3-44D5-E6F7-B8C9D0E1F2A3}.Release|Any CPU.ActiveCfg = Release|Any CPU
		{D8E9F0A1-B2C3-44D5-E6F7-B8C9D0E1F2A3}.Release|Any CPU.Build.0 = Release|Any CPU
		{D8E9F0A1-B2C3-44D5-E6F7-B8C9D0E1F2A3}.Release|x64.ActiveCfg = Release|Any CPU
		{D8E9F0A1-B2C3-44D5-E6F7-B8C9D0E1F2A3}.Release|x64.Build.0 = Release|Any CPU
		{D8E9F0A1-B2C3-44D5-E6F7-B8C9D0E1F2A3}.Release|x86.ActiveCfg = Release|Any CPU
		{D8E9F0A1-B2C3-44D5-E6F7-B8C9D0E1F2A3}.Release|x86.Build.0 = Release|Any CPU
		{A3B4C5D6-E7F8-49A0-F1A2-B3C4D5E6F7A8}.Debug|Any CPU.ActiveCfg = Debug|Any CPU
		{A3B4C5D6-E7F8-49A0-F1A2-B3C4D5E6F7A8}.Debug|Any CPU.Build.0 = Debug|Any CPU
		{A3B4C5D6-E7F8-49A0-F1A2-B3C4D5E6F7A8}.Debug|x64.ActiveCfg = Debug|Any CPU
		{A3B4C5D6-E7F8-49A0-F1A2-B3C4D5E6F7A8}.Debug|x64.Build.0 = Debug|Any CPU
		{A3B4C5D6-E7F8-49A0-F1A2-B3C4D5E6F7A8}.Debug|x86.ActiveCfg = Debug|Any CPU
		{A3B4C5D6-E7F8-49A0-F1A2-B3C4D5E6F7A8}.Debug|x86.Build.0 = Debug|Any CPU
		{A3B4C5D6-E7F8-49A0-F1A2-B3C4D5E6F7A8}.Release|Any CPU.ActiveCfg = Release|Any CPU
		{A3B4C5D6-E7F8-49A0-F1A2-B3C4D5E6F7A8}.Release|Any CPU.Build.0 = Release|Any CPU
		{A3B4C5D6-E7F8-49A0-F1A2-B3C4D5E6F7A8}.Release|x64.ActiveCfg = Release|Any CPU
		{A3B4C5D6-E7F8-49A0-F1A2-B3C4D5E6F7A8}.Release|x64.Build.0 = Release|Any CPU
		{A3B4C5D6-E7F8-49A0-F1A2-B3C4D5E6F7A8}.Release|x86.ActiveCfg = Release|Any CPU
		{A3B4C5D6-E7F8-49A0-F1A2-B3C4D5E6F7A8}.Release|x86.Build.0 = Release|Any CPU
		{EAC526B8-40CE-462C-BC1C-F0935BE60147}.Debug|Any CPU.ActiveCfg = Debug|Any CPU
		{EAC526B8-40CE-462C-BC1C-F0935BE60147}.Debug|Any CPU.Build.0 = Debug|Any CPU
		{EAC526B8-40CE-462C-BC1C-F0935BE60147}.Debug|x64.ActiveCfg = Debug|Any CPU
		{EAC526B8-40CE-462C-BC1C-F0935BE60147}.Debug|x64.Build.0 = Debug|Any CPU
		{EAC526B8-40CE-462C-BC1C-F0935BE60147}.Debug|x86.ActiveCfg = Debug|Any CPU
		{EAC526B8-40CE-462C-BC1C-F0935BE60147}.Debug|x86.Build.0 = Debug|Any CPU
		{EAC526B8-40CE-462C-BC1C-F0935BE60147}.Release|Any CPU.ActiveCfg = Release|Any CPU
		{EAC526B8-40CE-462C-BC1C-F0935BE60147}.Release|Any CPU.Build.0 = Release|Any CPU
		{EAC526B8-40CE-462C-BC1C-F0935BE60147}.Release|x64.ActiveCfg = Release|Any CPU
		{EAC526B8-40CE-462C-BC1C-F0935BE60147}.Release|x64.Build.0 = Release|Any CPU
		{EAC526B8-40CE-462C-BC1C-F0935BE60147}.Release|x86.ActiveCfg = Release|Any CPU
		{EAC526B8-40CE-462C-BC1C-F0935BE60147}.Release|x86.Build.0 = Release|Any CPU
		{F121FC00-4650-4B39-96BD-4FFDDC6EE824}.Debug|Any CPU.ActiveCfg = Debug|Any CPU
		{F121FC00-4650-4B39-96BD-4FFDDC6EE824}.Debug|Any CPU.Build.0 = Debug|Any CPU
		{F121FC00-4650-4B39-96BD-4FFDDC6EE824}.Debug|x64.ActiveCfg = Debug|Any CPU
		{F121FC00-4650-4B39-96BD-4FFDDC6EE824}.Debug|x64.Build.0 = Debug|Any CPU
		{F121FC00-4650-4B39-96BD-4FFDDC6EE824}.Debug|x86.ActiveCfg = Debug|Any CPU
		{F121FC00-4650-4B39-96BD-4FFDDC6EE824}.Debug|x86.Build.0 = Debug|Any CPU
		{F121FC00-4650-4B39-96BD-4FFDDC6EE824}.Release|Any CPU.ActiveCfg = Release|Any CPU
		{F121FC00-4650-4B39-96BD-4FFDDC6EE824}.Release|Any CPU.Build.0 = Release|Any CPU
		{F121FC00-4650-4B39-96BD-4FFDDC6EE824}.Release|x64.ActiveCfg = Release|Any CPU
		{F121FC00-4650-4B39-96BD-4FFDDC6EE824}.Release|x64.Build.0 = Release|Any CPU
		{F121FC00-4650-4B39-96BD-4FFDDC6EE824}.Release|x86.ActiveCfg = Release|Any CPU
		{F121FC00-4650-4B39-96BD-4FFDDC6EE824}.Release|x86.Build.0 = Release|Any CPU
		{29811614-E490-41C1-814E-5E760A33F10C}.Debug|Any CPU.ActiveCfg = Debug|Any CPU
		{29811614-E490-41C1-814E-5E760A33F10C}.Debug|Any CPU.Build.0 = Debug|Any CPU
		{29811614-E490-41C1-814E-5E760A33F10C}.Debug|x64.ActiveCfg = Debug|Any CPU
		{29811614-E490-41C1-814E-5E760A33F10C}.Debug|x64.Build.0 = Debug|Any CPU
		{29811614-E490-41C1-814E-5E760A33F10C}.Debug|x86.ActiveCfg = Debug|Any CPU
		{29811614-E490-41C1-814E-5E760A33F10C}.Debug|x86.Build.0 = Debug|Any CPU
		{29811614-E490-41C1-814E-5E760A33F10C}.Release|Any CPU.ActiveCfg = Release|Any CPU
		{29811614-E490-41C1-814E-5E760A33F10C}.Release|Any CPU.Build.0 = Release|Any CPU
		{29811614-E490-41C1-814E-5E760A33F10C}.Release|x64.ActiveCfg = Release|Any CPU
		{29811614-E490-41C1-814E-5E760A33F10C}.Release|x64.Build.0 = Release|Any CPU
		{29811614-E490-41C1-814E-5E760A33F10C}.Release|x86.ActiveCfg = Release|Any CPU
		{29811614-E490-41C1-814E-5E760A33F10C}.Release|x86.Build.0 = Release|Any CPU
		{8180E657-B657-46E4-9899-F4CF2D98E177}.Debug|Any CPU.ActiveCfg = Debug|Any CPU
		{8180E657-B657-46E4-9899-F4CF2D98E177}.Debug|Any CPU.Build.0 = Debug|Any CPU
		{8180E657-B657-46E4-9899-F4CF2D98E177}.Debug|x64.ActiveCfg = Debug|Any CPU
		{8180E657-B657-46E4-9899-F4CF2D98E177}.Debug|x64.Build.0 = Debug|Any CPU
		{8180E657-B657-46E4-9899-F4CF2D98E177}.Debug|x86.ActiveCfg = Debug|Any CPU
		{8180E657-B657-46E4-9899-F4CF2D98E177}.Debug|x86.Build.0 = Debug|Any CPU
		{8180E657-B657-46E4-9899-F4CF2D98E177}.Release|Any CPU.ActiveCfg = Release|Any CPU
		{8180E657-B657-46E4-9899-F4CF2D98E177}.Release|Any CPU.Build.0 = Release|Any CPU
		{8180E657-B657-46E4-9899-F4CF2D98E177}.Release|x64.ActiveCfg = Release|Any CPU
		{8180E657-B657-46E4-9899-F4CF2D98E177}.Release|x64.Build.0 = Release|Any CPU
		{8180E657-B657-46E4-9899-F4CF2D98E177}.Release|x86.ActiveCfg = Release|Any CPU
		{8180E657-B657-46E4-9899-F4CF2D98E177}.Release|x86.Build.0 = Release|Any CPU
	EndGlobalSection
	GlobalSection(SolutionProperties) = preSolution
		HideSolutionNode = FALSE
	EndGlobalSection
	GlobalSection(NestedProjects) = preSolution
		{E5C8F1A2-B3D4-49E5-F6A7-B8C9D0E1F2A3} = {D5E6F7A8-B9C0-49D5-E6F7-A8B9C0D1E2F3}
		{C5D6E7F8-A9B0-41C2-B3D4-E5F6A7B8C9D0} = {11111111-2222-3333-4444-555555555555}
		{E7F8A9B0-C2D3-43E4-D5F6-A7B8C9D0E1F2} = {11111111-2222-3333-4444-555555555555}
		{22222222-3333-4444-5555-666666666666} = {11111111-2222-3333-4444-555555555555}
		{55555555-6666-7777-8888-999999999999} = {11111111-2222-3333-4444-555555555555}
		{4FFE4373-C06D-4DDE-9C16-60C4C6728939} = {55555555-6666-7777-8888-999999999999}
		{77777777-8888-9999-AAAA-BBBBBBBBBBBB} = {22222222-3333-4444-5555-666666666666}
		{E1F2A3B4-C5D6-47E8-F9A0-B1C2D3E4F5A6} = {77777777-8888-9999-AAAA-BBBBBBBBBBBB}
		{B0C1D2E3-F4A5-48B9-C0D1-E2F3A4B5C6D7} = {77777777-8888-9999-AAAA-BBBBBBBBBBBB}
		{C2D3E4F5-A6B7-49CA-D1E2-F3A4B5C6D7E8} = {77777777-8888-9999-AAAA-BBBBBBBBBBBB}
		{D8E9F0A1-B2C3-44D5-E6F7-B8C9D0E1F2A3} = {11111111-2222-3333-4444-555555555555}
		{44444444-5555-6666-7777-888888888888} = {33333333-4444-5555-6666-777777777777}
		{A3B4C5D6-E7F8-49A0-F1A2-B3C4D5E6F7A8} = {44444444-5555-6666-7777-888888888888}
		{EAC526B8-40CE-462C-BC1C-F0935BE60147} = {11111111-2222-3333-4444-555555555555}
		{8B80BD64-41CC-0165-136F-59FFF5A35D0D} = {22222222-3333-4444-5555-666666666666}
		{F121FC00-4650-4B39-96BD-4FFDDC6EE824} = {8B80BD64-41CC-0165-136F-59FFF5A35D0D}
		{29811614-E490-41C1-814E-5E760A33F10C} = {8B80BD64-41CC-0165-136F-59FFF5A35D0D}
		{8180E657-B657-46E4-9899-F4CF2D98E177} = {44444444-5555-6666-7777-888888888888}
	EndGlobalSection
	GlobalSection(ExtensibilityGlobals) = postSolution
		SolutionGuid = {B1C2D3E4-F5A6-47A8-B9C0-D1E2F3A4B5C6}
	EndGlobalSection
EndGlobal
